
Microsoft Visual Studio Solution File, Format Version 12.00
# Visual Studio Version 17
VisualStudioVersion = 17.4.33122.133
MinimumVisualStudioVersion = 10.0.40219.1
Project("{8BC9CEB8-8B4A-11D0-8D11-00A0C91BC942}") = "AutomaticTellerMachine", "AutomaticTellerMachine.vcxproj", "{46D7CB05-DB6D-4ED4-99AE-1AA90F347840}"
EndProject
Global
	GlobalSection(SolutionConfigurationPlatforms) = preSolution
		Debug|x64 = Debug|x64
		Release|x64 = Release|x64
	EndGlobalSection
	GlobalSection(ProjectConfigurationPlatforms) = postSolution
		{46D7CB05-DB6D-4ED4-99AE-1AA90F347840}.Debug|x64.ActiveCfg = Debug|x64
		{46D7CB05-DB6D-4ED4-99AE-1AA90F347840}.Debug|x64.Build.0 = Debug|x64
		{46D7CB05-DB6D-4ED4-99AE-1AA90F347840}.Release|x64.ActiveCfg = Release|x64
		{46D7CB05-DB6D-4ED4-99AE-1AA90F347840}.Release|x64.Build.0 = Release|x64
	EndGlobalSection
	GlobalSection(SolutionProperties) = preSolution
		HideSolutionNode = FALSE
	EndGlobalSection
	GlobalSection(ExtensibilityGlobals) = postSolution
		SolutionGuid = {D923B9FC-1FB2-4199-82EA-811227B75E22}
	EndGlobalSection
EndGlobal
